
Microsoft Visual Studio Solution File, Format Version 12.00
# Visual Studio Version 17
VisualStudioVersion = 17.6.33815.320
MinimumVisualStudioVersion = 10.0.40219.1
Project("{FAE04EC0-301F-11D3-BF4B-00C04F79EFBC}") = "ZH_gyakorlas", "ZH_gyakorlas\ZH_gyakorlas.csproj", "{4AFF28C3-D33D-40CF-ACB6-B2B764E3FDB9}"
EndProject
Project("{FAE04EC0-301F-11D3-BF4B-00C04F79EFBC}") = "Zh2", "Zh2\Zh2.csproj", "{6534B348-8739-4A35-8393-AD065481DC14}"
EndProject
Global
	GlobalSection(SolutionConfigurationPlatforms) = preSolution
		Debug|Any CPU = Debug|Any CPU
		Release|Any CPU = Release|Any CPU
	EndGlobalSection
	GlobalSection(ProjectConfigurationPlatforms) = postSolution
		{4AFF28C3-D33D-40CF-ACB6-B2B764E3FDB9}.Debug|Any CPU.ActiveCfg = Debug|Any CPU
		{4AFF28C3-D33D-40CF-ACB6-B2B764E3FDB9}.Debug|Any CPU.Build.0 = Debug|Any CPU
		{4AFF28C3-D33D-40CF-ACB6-B2B764E3FDB9}.Release|Any CPU.ActiveCfg = Release|Any CPU
		{4AFF28C3-D33D-40CF-ACB6-B2B764E3FDB9}.Release|Any CPU.Build.0 = Release|Any CPU
		{6534B348-8739-4A35-8393-AD065481DC14}.Debug|Any CPU.ActiveCfg = Debug|Any CPU
		{6534B348-8739-4A35-8393-AD065481DC14}.Debug|Any CPU.Build.0 = Debug|Any CPU
		{6534B348-8739-4A35-8393-AD065481DC14}.Release|Any CPU.ActiveCfg = Release|Any CPU
		{6534B348-8739-4A35-8393-AD065481DC14}.Release|Any CPU.Build.0 = Release|Any CPU
	EndGlobalSection
	GlobalSection(SolutionProperties) = preSolution
		HideSolutionNode = FALSE
	EndGlobalSection
	GlobalSection(ExtensibilityGlobals) = postSolution
		SolutionGuid = {FEE29EF9-5E22-45D5-BFE4-E86F9E6E8BA3}
	EndGlobalSection
EndGlobal
